
Microsoft Visual Studio Solution File, Format Version 12.00
# Visual Studio 15
VisualStudioVersion = 15.0.28307.1000
MinimumVisualStudioVersion = 10.0.40219.1
Project("{888888A0-9F3D-457C-B088-3A5042F75D52}") = "leet", "leet.pyproj", "{72077645-09DD-45F7-A6F3-0AB8F57F520D}"
EndProject
Global
	GlobalSection(SolutionConfigurationPlatforms) = preSolution
		Debug|Any CPU = Debug|Any CPU
		Release|Any CPU = Release|Any CPU
	EndGlobalSection
	GlobalSection(ProjectConfigurationPlatforms) = postSolution
		{72077645-09DD-45F7-A6F3-0AB8F57F520D}.Debug|Any CPU.ActiveCfg = Debug|Any CPU
		{72077645-09DD-45F7-A6F3-0AB8F57F520D}.Release|Any CPU.ActiveCfg = Release|Any CPU
	EndGlobalSection
	GlobalSection(SolutionProperties) = preSolution
		HideSolutionNode = FALSE
	EndGlobalSection
	GlobalSection(ExtensibilityGlobals) = postSolution
		SolutionGuid = {7A4CB51A-2818-488C-AF50-4E93CE0D146E}
	EndGlobalSection
EndGlobal
